// !$*UTF8*$!
{
	archiveVersion = 1;
	classes = {
	};
	objectVersion = 48;
	objects = {

/* Begin PBXBuildFile section */
		20D1404C2021A1DD008570CC /* AppDelegate.m in Sources */ = {isa = PBXBuildFile; fileRef = 20D1404B2021A1DD008570CC /* AppDelegate.m */; };
		20D1404F2021A1DD008570CC /* ViewController.m in Sources */ = {isa = PBXBuildFile; fileRef = 20D1404E2021A1DD008570CC /* ViewController.m */; };
		20D140522021A1DD008570CC /* Main.storyboard in Resources */ = {isa = PBXBuildFile; fileRef = 20D140502021A1DD008570CC /* Main.storyboard */; };
		20D140552021A1DD008570CC /* CMMediaCallDemo.xcdatamodeld in Sources */ = {isa = PBXBuildFile; fileRef = 20D140532021A1DD008570CC /* CMMediaCallDemo.xcdatamodeld */; };
		20D140572021A1DD008570CC /* Assets.xcassets in Resources */ = {isa = PBXBuildFile; fileRef = 20D140562021A1DD008570CC /* Assets.xcassets */; };
		20D1405A2021A1DD008570CC /* LaunchScreen.storyboard in Resources */ = {isa = PBXBuildFile; fileRef = 20D140582021A1DD008570CC /* LaunchScreen.storyboard */; };
		20D1405D2021A1DD008570CC /* main.m in Sources */ = {isa = PBXBuildFile; fileRef = 20D1405C2021A1DD008570CC /* main.m */; };
		20D140672021A1DD008570CC /* CMMediaCallDemoTests.m in Sources */ = {isa = PBXBuildFile; fileRef = 20D140662021A1DD008570CC /* CMMediaCallDemoTests.m */; };
		20D140722021A1DD008570CC /* CMMediaCallDemoUITests.m in Sources */ = {isa = PBXBuildFile; fileRef = 20D140712021A1DD008570CC /* CMMediaCallDemoUITests.m */; };
		20D140912021A2BC008570CC /* CMAllMediaVoipView.m in Sources */ = {isa = PBXBuildFile; fileRef = 20D140822021A2BC008570CC /* CMAllMediaVoipView.m */; };
		20D140922021A2BC008570CC /* CMAllMediaVerticalButton.m in Sources */ = {isa = PBXBuildFile; fileRef = 20D140842021A2BC008570CC /* CMAllMediaVerticalButton.m */; };
		20D140932021A2BC008570CC /* CMAllMediaRTCChatManager.m in Sources */ = {isa = PBXBuildFile; fileRef = 20D140882021A2BC008570CC /* CMAllMediaRTCChatManager.m */; };
		20D140942021A2BC008570CC /* CMAllMediaVideoCallView.m in Sources */ = {isa = PBXBuildFile; fileRef = 20D1408A2021A2BC008570CC /* CMAllMediaVideoCallView.m */; };
		20D140952021A2BC008570CC /* CMAllMediaReachability.m in Sources */ = {isa = PBXBuildFile; fileRef = 20D1408F2021A2BC008570CC /* CMAllMediaReachability.m */; };
		20D140962021A2BC008570CC /* CMAllMediaStatusManager.m in Sources */ = {isa = PBXBuildFile; fileRef = 20D140902021A2BC008570CC /* CMAllMediaStatusManager.m */; };
		20D1409D2021A32E008570CC /* AVFoundation.framework in Frameworks */ = {isa = PBXBuildFile; fileRef = 20D1409C2021A32E008570CC /* AVFoundation.framework */; };
		20D1409F2021A337008570CC /* AudioToolbox.framework in Frameworks */ = {isa = PBXBuildFile; fileRef = 20D1409E2021A337008570CC /* AudioToolbox.framework */; };
		20D140A12021A33D008570CC /* VideoToolbox.framework in Frameworks */ = {isa = PBXBuildFile; fileRef = 20D140A02021A33D008570CC /* VideoToolbox.framework */; };
		20D140A32021A346008570CC /* CoreMotion.framework in Frameworks */ = {isa = PBXBuildFile; fileRef = 20D140A22021A346008570CC /* CoreMotion.framework */; };
		20D140A52021A34E008570CC /* CoreMedia.framework in Frameworks */ = {isa = PBXBuildFile; fileRef = 20D140A42021A34E008570CC /* CoreMedia.framework */; };
		20D140A72021A356008570CC /* CoreTelephony.framework in Frameworks */ = {isa = PBXBuildFile; fileRef = 20D140A62021A356008570CC /* CoreTelephony.framework */; };
		20D140A92021A35B008570CC /* CFNetwork.framework in Frameworks */ = {isa = PBXBuildFile; fileRef = 20D140A82021A35B008570CC /* CFNetwork.framework */; };
		20D140AB2021A360008570CC /* SystemConfiguration.framework in Frameworks */ = {isa = PBXBuildFile; fileRef = 20D140AA2021A360008570CC /* SystemConfiguration.framework */; };
		20D140AD2021A36B008570CC /* libicucore.tbd in Frameworks */ = {isa = PBXBuildFile; fileRef = 20D140AC2021A36B008570CC /* libicucore.tbd */; };
		20D140AF2021A374008570CC /* libc++.tbd in Frameworks */ = {isa = PBXBuildFile; fileRef = 20D140AE2021A374008570CC /* libc++.tbd */; };
		20D140B12021A37E008570CC /* libresolv.tbd in Frameworks */ = {isa = PBXBuildFile; fileRef = 20D140B02021A37E008570CC /* libresolv.tbd */; };
		20D140B72021A4D5008570CC /* CMAMNetworkManager.m in Sources */ = {isa = PBXBuildFile; fileRef = 20D140B62021A4D5008570CC /* CMAMNetworkManager.m */; };
		20D140B92021A5A4008570CC /* AgoraRtcEngineKit.framework in Frameworks */ = {isa = PBXBuildFile; fileRef = 20D140B82021A5A3008570CC /* AgoraRtcEngineKit.framework */; };
		20D140BB2021A5B0008570CC /* AgoraSignal.framework in Frameworks */ = {isa = PBXBuildFile; fileRef = 20D140BA2021A5B0008570CC /* AgoraSignal.framework */; };
		20D140BE2021AC32008570CC /* CMAMUserInfo.m in Sources */ = {isa = PBXBuildFile; fileRef = 20D140BD2021AC32008570CC /* CMAMUserInfo.m */; };
/* End PBXBuildFile section */

/* Begin PBXContainerItemProxy section */
		20D140632021A1DD008570CC /* PBXContainerItemProxy */ = {
			isa = PBXContainerItemProxy;
			containerPortal = 20D1403F2021A1DD008570CC /* Project object */;
			proxyType = 1;
			remoteGlobalIDString = 20D140462021A1DD008570CC;
			remoteInfo = CMMediaCallDemo;
		};
		20D1406E2021A1DD008570CC /* PBXContainerItemProxy */ = {
			isa = PBXContainerItemProxy;
			containerPortal = 20D1403F2021A1DD008570CC /* Project object */;
			proxyType = 1;
			remoteGlobalIDString = 20D140462021A1DD008570CC;
			remoteInfo = CMMediaCallDemo;
		};
/* End PBXContainerItemProxy section */

/* Begin PBXFileReference section */
		20D140472021A1DD008570CC /* CMMediaCallDemo.app */ = {isa = PBXFileReference; explicitFileType = wrapper.application; includeInIndex = 0; path = CMMediaCallDemo.app; sourceTree = BUILT_PRODUCTS_DIR; };
		20D1404A2021A1DD008570CC /* AppDelegate.h */ = {isa = PBXFileReference; lastKnownFileType = sourcecode.c.h; path = AppDelegate.h; sourceTree = "<group>"; };
		20D1404B2021A1DD008570CC /* AppDelegate.m */ = {isa = PBXFileReference; lastKnownFileType = sourcecode.c.objc; path = AppDelegate.m; sourceTree = "<group>"; };
		20D1404D2021A1DD008570CC /* ViewController.h */ = {isa = PBXFileReference; lastKnownFileType = sourcecode.c.h; path = ViewController.h; sourceTree = "<group>"; };
		20D1404E2021A1DD008570CC /* ViewController.m */ = {isa = PBXFileReference; lastKnownFileType = sourcecode.c.objc; path = ViewController.m; sourceTree = "<group>"; };
		20D140512021A1DD008570CC /* Base */ = {isa = PBXFileReference; lastKnownFileType = file.storyboard; name = Base; path = Base.lproj/Main.storyboard; sourceTree = "<group>"; };
		20D140542021A1DD008570CC /* CMMediaCallDemo.xcdatamodel */ = {isa = PBXFileReference; lastKnownFileType = wrapper.xcdatamodel; path = CMMediaCallDemo.xcdatamodel; sourceTree = "<group>"; };
		20D140562021A1DD008570CC /* Assets.xcassets */ = {isa = PBXFileReference; lastKnownFileType = folder.assetcatalog; path = Assets.xcassets; sourceTree = "<group>"; };
		20D140592021A1DD008570CC /* Base */ = {isa = PBXFileReference; lastKnownFileType = file.storyboard; name = Base; path = Base.lproj/LaunchScreen.storyboard; sourceTree = "<group>"; };
		20D1405B2021A1DD008570CC /* Info.plist */ = {isa = PBXFileReference; lastKnownFileType = text.plist.xml; path = Info.plist; sourceTree = "<group>"; };
		20D1405C2021A1DD008570CC /* main.m */ = {isa = PBXFileReference; lastKnownFileType = sourcecode.c.objc; path = main.m; sourceTree = "<group>"; };
		20D140622021A1DD008570CC /* CMMediaCallDemoTests.xctest */ = {isa = PBXFileReference; explicitFileType = wrapper.cfbundle; includeInIndex = 0; path = CMMediaCallDemoTests.xctest; sourceTree = BUILT_PRODUCTS_DIR; };
		20D140662021A1DD008570CC /* CMMediaCallDemoTests.m */ = {isa = PBXFileReference; lastKnownFileType = sourcecode.c.objc; path = CMMediaCallDemoTests.m; sourceTree = "<group>"; };
		20D140682021A1DD008570CC /* Info.plist */ = {isa = PBXFileReference; lastKnownFileType = text.plist.xml; path = Info.plist; sourceTree = "<group>"; };
		20D1406D2021A1DD008570CC /* CMMediaCallDemoUITests.xctest */ = {isa = PBXFileReference; explicitFileType = wrapper.cfbundle; includeInIndex = 0; path = CMMediaCallDemoUITests.xctest; sourceTree = BUILT_PRODUCTS_DIR; };
		20D140712021A1DD008570CC /* CMMediaCallDemoUITests.m */ = {isa = PBXFileReference; lastKnownFileType = sourcecode.c.objc; path = CMMediaCallDemoUITests.m; sourceTree = "<group>"; };
		20D140732021A1DD008570CC /* Info.plist */ = {isa = PBXFileReference; lastKnownFileType = text.plist.xml; path = Info.plist; sourceTree = "<group>"; };
		20D140812021A2BC008570CC /* CMAllMediaVoipView.h */ = {isa = PBXFileReference; fileEncoding = 4; lastKnownFileType = sourcecode.c.h; path = CMAllMediaVoipView.h; sourceTree = "<group>"; };
		20D140822021A2BC008570CC /* CMAllMediaVoipView.m */ = {isa = PBXFileReference; fileEncoding = 4; lastKnownFileType = sourcecode.c.objc; path = CMAllMediaVoipView.m; sourceTree = "<group>"; };
		20D140842021A2BC008570CC /* CMAllMediaVerticalButton.m */ = {isa = PBXFileReference; fileEncoding = 4; lastKnownFileType = sourcecode.c.objc; path = CMAllMediaVerticalButton.m; sourceTree = "<group>"; };
		20D140852021A2BC008570CC /* CMAllMediaVerticalButton.h */ = {isa = PBXFileReference; fileEncoding = 4; lastKnownFileType = sourcecode.c.h; path = CMAllMediaVerticalButton.h; sourceTree = "<group>"; };
		20D140872021A2BC008570CC /* CMAllMediaRTCChatManager.h */ = {isa = PBXFileReference; fileEncoding = 4; lastKnownFileType = sourcecode.c.h; path = CMAllMediaRTCChatManager.h; sourceTree = "<group>"; };
		20D140882021A2BC008570CC /* CMAllMediaRTCChatManager.m */ = {isa = PBXFileReference; fileEncoding = 4; lastKnownFileType = sourcecode.c.objc; path = CMAllMediaRTCChatManager.m; sourceTree = "<group>"; };
		20D1408A2021A2BC008570CC /* CMAllMediaVideoCallView.m */ = {isa = PBXFileReference; fileEncoding = 4; lastKnownFileType = sourcecode.c.objc; path = CMAllMediaVideoCallView.m; sourceTree = "<group>"; };
		20D1408B2021A2BC008570CC /* CMAllMediaVideoCallView.h */ = {isa = PBXFileReference; fileEncoding = 4; lastKnownFileType = sourcecode.c.h; path = CMAllMediaVideoCallView.h; sourceTree = "<group>"; };
		20D1408D2021A2BC008570CC /* CMAllMediaReachability.h */ = {isa = PBXFileReference; fileEncoding = 4; lastKnownFileType = sourcecode.c.h; path = CMAllMediaReachability.h; sourceTree = "<group>"; };
		20D1408E2021A2BC008570CC /* CMAllMediaStatusManager.h */ = {isa = PBXFileReference; fileEncoding = 4; lastKnownFileType = sourcecode.c.h; path = CMAllMediaStatusManager.h; sourceTree = "<group>"; };
		20D1408F2021A2BC008570CC /* CMAllMediaReachability.m */ = {isa = PBXFileReference; fileEncoding = 4; lastKnownFileType = sourcecode.c.objc; path = CMAllMediaReachability.m; sourceTree = "<group>"; };
		20D140902021A2BC008570CC /* CMAllMediaStatusManager.m */ = {isa = PBXFileReference; fileEncoding = 4; lastKnownFileType = sourcecode.c.objc; path = CMAllMediaStatusManager.m; sourceTree = "<group>"; };
		20D140982021A2FF008570CC /* AgoraSignal.framework */ = {isa = PBXFileReference; lastKnownFileType = wrapper.framework; name = AgoraSignal.framework; path = CMMediaCallDemo/libs/signal/AgoraSignal.framework; sourceTree = "<group>"; };
		20D1409A2021A30A008570CC /* AgoraRtcEngineKit.framework */ = {isa = PBXFileReference; lastKnownFileType = wrapper.framework; name = AgoraRtcEngineKit.framework; path = CMMediaCallDemo/libs/media/AgoraRtcEngineKit.framework; sourceTree = "<group>"; };
		20D1409C2021A32E008570CC /* AVFoundation.framework */ = {isa = PBXFileReference; lastKnownFileType = wrapper.framework; name = AVFoundation.framework; path = System/Library/Frameworks/AVFoundation.framework; sourceTree = SDKROOT; };
		20D1409E2021A337008570CC /* AudioToolbox.framework */ = {isa = PBXFileReference; lastKnownFileType = wrapper.framework; name = AudioToolbox.framework; path = System/Library/Frameworks/AudioToolbox.framework; sourceTree = SDKROOT; };
		20D140A02021A33D008570CC /* VideoToolbox.framework */ = {isa = PBXFileReference; lastKnownFileType = wrapper.framework; name = VideoToolbox.framework; path = System/Library/Frameworks/VideoToolbox.framework; sourceTree = SDKROOT; };
		20D140A22021A346008570CC /* CoreMotion.framework */ = {isa = PBXFileReference; lastKnownFileType = wrapper.framework; name = CoreMotion.framework; path = System/Library/Frameworks/CoreMotion.framework; sourceTree = SDKROOT; };
		20D140A42021A34E008570CC /* CoreMedia.framework */ = {isa = PBXFileReference; lastKnownFileType = wrapper.framework; name = CoreMedia.framework; path = System/Library/Frameworks/CoreMedia.framework; sourceTree = SDKROOT; };
		20D140A62021A356008570CC /* CoreTelephony.framework */ = {isa = PBXFileReference; lastKnownFileType = wrapper.framework; name = CoreTelephony.framework; path = System/Library/Frameworks/CoreTelephony.framework; sourceTree = SDKROOT; };
		20D140A82021A35B008570CC /* CFNetwork.framework */ = {isa = PBXFileReference; lastKnownFileType = wrapper.framework; name = CFNetwork.framework; path = System/Library/Frameworks/CFNetwork.framework; sourceTree = SDKROOT; };
		20D140AA2021A360008570CC /* SystemConfiguration.framework */ = {isa = PBXFileReference; lastKnownFileType = wrapper.framework; name = SystemConfiguration.framework; path = System/Library/Frameworks/SystemConfiguration.framework; sourceTree = SDKROOT; };
		20D140AC2021A36B008570CC /* libicucore.tbd */ = {isa = PBXFileReference; lastKnownFileType = "sourcecode.text-based-dylib-definition"; name = libicucore.tbd; path = usr/lib/libicucore.tbd; sourceTree = SDKROOT; };
		20D140AE2021A374008570CC /* libc++.tbd */ = {isa = PBXFileReference; lastKnownFileType = "sourcecode.text-based-dylib-definition"; name = "libc++.tbd"; path = "usr/lib/libc++.tbd"; sourceTree = SDKROOT; };
		20D140B02021A37E008570CC /* libresolv.tbd */ = {isa = PBXFileReference; lastKnownFileType = "sourcecode.text-based-dylib-definition"; name = libresolv.tbd; path = usr/lib/libresolv.tbd; sourceTree = SDKROOT; };
		20D140B32021A3E7008570CC /* Header.h */ = {isa = PBXFileReference; lastKnownFileType = sourcecode.c.h; path = Header.h; sourceTree = "<group>"; };
		20D140B52021A4D5008570CC /* CMAMNetworkManager.h */ = {isa = PBXFileReference; lastKnownFileType = sourcecode.c.h; path = CMAMNetworkManager.h; sourceTree = "<group>"; };
		20D140B62021A4D5008570CC /* CMAMNetworkManager.m */ = {isa = PBXFileReference; lastKnownFileType = sourcecode.c.objc; path = CMAMNetworkManager.m; sourceTree = "<group>"; };
		20D140B82021A5A3008570CC /* AgoraRtcEngineKit.framework */ = {isa = PBXFileReference; lastKnownFileType = wrapper.framework; name = AgoraRtcEngineKit.framework; path = CMMediaCallDemo/CMAMMediaSDK/libs/media/AgoraRtcEngineKit.framework; sourceTree = "<group>"; };
		20D140BA2021A5B0008570CC /* AgoraSignal.framework */ = {isa = PBXFileReference; lastKnownFileType = wrapper.framework; name = AgoraSignal.framework; path = CMMediaCallDemo/CMAMMediaSDK/libs/signal/AgoraSignal.framework; sourceTree = "<group>"; };
		20D140BC2021AC32008570CC /* CMAMUserInfo.h */ = {isa = PBXFileReference; lastKnownFileType = sourcecode.c.h; path = CMAMUserInfo.h; sourceTree = "<group>"; };
		20D140BD2021AC32008570CC /* CMAMUserInfo.m */ = {isa = PBXFileReference; lastKnownFileType = sourcecode.c.objc; path = CMAMUserInfo.m; sourceTree = "<group>"; };
/* End PBXFileReference section */

/* Begin PBXFrameworksBuildPhase section */
		20D140442021A1DD008570CC /* Frameworks */ = {
			isa = PBXFrameworksBuildPhase;
			buildActionMask = 2147483647;
			files = (
				20D140BB2021A5B0008570CC /* AgoraSignal.framework in Frameworks */,
				20D140B92021A5A4008570CC /* AgoraRtcEngineKit.framework in Frameworks */,
				20D140B12021A37E008570CC /* libresolv.tbd in Frameworks */,
				20D140AF2021A374008570CC /* libc++.tbd in Frameworks */,
				20D140AD2021A36B008570CC /* libicucore.tbd in Frameworks */,
				20D140AB2021A360008570CC /* SystemConfiguration.framework in Frameworks */,
				20D140A92021A35B008570CC /* CFNetwork.framework in Frameworks */,
				20D140A72021A356008570CC /* CoreTelephony.framework in Frameworks */,
				20D140A52021A34E008570CC /* CoreMedia.framework in Frameworks */,
				20D140A32021A346008570CC /* CoreMotion.framework in Frameworks */,
				20D140A12021A33D008570CC /* VideoToolbox.framework in Frameworks */,
				20D1409F2021A337008570CC /* AudioToolbox.framework in Frameworks */,
				20D1409D2021A32E008570CC /* AVFoundation.framework in Frameworks */,
			);
			runOnlyForDeploymentPostprocessing = 0;
		};
		20D1405F2021A1DD008570CC /* Frameworks */ = {
			isa = PBXFrameworksBuildPhase;
			buildActionMask = 2147483647;
			files = (
			);
			runOnlyForDeploymentPostprocessing = 0;
		};
		20D1406A2021A1DD008570CC /* Frameworks */ = {
			isa = PBXFrameworksBuildPhase;
			buildActionMask = 2147483647;
			files = (
			);
			runOnlyForDeploymentPostprocessing = 0;
		};
/* End PBXFrameworksBuildPhase section */

/* Begin PBXGroup section */
		20D1403E2021A1DD008570CC = {
			isa = PBXGroup;
			children = (
				20D140492021A1DD008570CC /* CMMediaCallDemo */,
				20D140652021A1DD008570CC /* CMMediaCallDemoTests */,
				20D140702021A1DD008570CC /* CMMediaCallDemoUITests */,
				20D140482021A1DD008570CC /* Products */,
				20D140972021A2FF008570CC /* Frameworks */,
			);
			sourceTree = "<group>";
		};
		20D140482021A1DD008570CC /* Products */ = {
			isa = PBXGroup;
			children = (
				20D140472021A1DD008570CC /* CMMediaCallDemo.app */,
				20D140622021A1DD008570CC /* CMMediaCallDemoTests.xctest */,
				20D1406D2021A1DD008570CC /* CMMediaCallDemoUITests.xctest */,
			);
			name = Products;
			sourceTree = "<group>";
		};
		20D140492021A1DD008570CC /* CMMediaCallDemo */ = {
			isa = PBXGroup;
			children = (
				20D140B42021A48B008570CC /* CMAMMediaSDK */,
				20D140B52021A4D5008570CC /* CMAMNetworkManager.h */,
				20D140B62021A4D5008570CC /* CMAMNetworkManager.m */,
				20D140BC2021AC32008570CC /* CMAMUserInfo.h */,
				20D140BD2021AC32008570CC /* CMAMUserInfo.m */,
				20D140B32021A3E7008570CC /* Header.h */,
				20D1404A2021A1DD008570CC /* AppDelegate.h */,
				20D1404B2021A1DD008570CC /* AppDelegate.m */,
				20D1404D2021A1DD008570CC /* ViewController.h */,
				20D1404E2021A1DD008570CC /* ViewController.m */,
				20D140502021A1DD008570CC /* Main.storyboard */,
				20D140562021A1DD008570CC /* Assets.xcassets */,
				20D140582021A1DD008570CC /* LaunchScreen.storyboard */,
				20D1405B2021A1DD008570CC /* Info.plist */,
				20D1405C2021A1DD008570CC /* main.m */,
				20D140532021A1DD008570CC /* CMMediaCallDemo.xcdatamodeld */,
			);
			path = CMMediaCallDemo;
			sourceTree = "<group>";
		};
		20D140652021A1DD008570CC /* CMMediaCallDemoTests */ = {
			isa = PBXGroup;
			children = (
				20D140662021A1DD008570CC /* CMMediaCallDemoTests.m */,
				20D140682021A1DD008570CC /* Info.plist */,
			);
			path = CMMediaCallDemoTests;
			sourceTree = "<group>";
		};
		20D140702021A1DD008570CC /* CMMediaCallDemoUITests */ = {
			isa = PBXGroup;
			children = (
				20D140712021A1DD008570CC /* CMMediaCallDemoUITests.m */,
				20D140732021A1DD008570CC /* Info.plist */,
			);
			path = CMMediaCallDemoUITests;
			sourceTree = "<group>";
		};
		20D1407F2021A1FF008570CC /* libs */ = {
			isa = PBXGroup;
			children = (
			);
			path = libs;
			sourceTree = "<group>";
		};
		20D140802021A2BC008570CC /* CMAllMediaVoipView */ = {
			isa = PBXGroup;
			children = (
				20D140812021A2BC008570CC /* CMAllMediaVoipView.h */,
				20D140822021A2BC008570CC /* CMAllMediaVoipView.m */,
			);
			path = CMAllMediaVoipView;
			sourceTree = "<group>";
		};
		20D140832021A2BC008570CC /* CMAllMediaCustomView */ = {
			isa = PBXGroup;
			children = (
				20D140842021A2BC008570CC /* CMAllMediaVerticalButton.m */,
				20D140852021A2BC008570CC /* CMAllMediaVerticalButton.h */,
			);
			path = CMAllMediaCustomView;
			sourceTree = "<group>";
		};
		20D140862021A2BC008570CC /* CMAllMediaRTCChatManager */ = {
			isa = PBXGroup;
			children = (
				20D140872021A2BC008570CC /* CMAllMediaRTCChatManager.h */,
				20D140882021A2BC008570CC /* CMAllMediaRTCChatManager.m */,
			);
			path = CMAllMediaRTCChatManager;
			sourceTree = "<group>";
		};
		20D140892021A2BC008570CC /* CMAllMediaVideoCallView */ = {
			isa = PBXGroup;
			children = (
				20D1408A2021A2BC008570CC /* CMAllMediaVideoCallView.m */,
				20D1408B2021A2BC008570CC /* CMAllMediaVideoCallView.h */,
			);
			path = CMAllMediaVideoCallView;
			sourceTree = "<group>";
		};
		20D1408C2021A2BC008570CC /* CMAllMediaNetworkingManager */ = {
			isa = PBXGroup;
			children = (
				20D1408D2021A2BC008570CC /* CMAllMediaReachability.h */,
				20D1408E2021A2BC008570CC /* CMAllMediaStatusManager.h */,
				20D1408F2021A2BC008570CC /* CMAllMediaReachability.m */,
				20D140902021A2BC008570CC /* CMAllMediaStatusManager.m */,
			);
			path = CMAllMediaNetworkingManager;
			sourceTree = "<group>";
		};
		20D140972021A2FF008570CC /* Frameworks */ = {
			isa = PBXGroup;
			children = (
				20D140BA2021A5B0008570CC /* AgoraSignal.framework */,
				20D140B82021A5A3008570CC /* AgoraRtcEngineKit.framework */,
				20D140B02021A37E008570CC /* libresolv.tbd */,
				20D140AE2021A374008570CC /* libc++.tbd */,
				20D140AC2021A36B008570CC /* libicucore.tbd */,
				20D140AA2021A360008570CC /* SystemConfiguration.framework */,
				20D140A82021A35B008570CC /* CFNetwork.framework */,
				20D140A62021A356008570CC /* CoreTelephony.framework */,
				20D140A42021A34E008570CC /* CoreMedia.framework */,
				20D140A22021A346008570CC /* CoreMotion.framework */,
				20D140A02021A33D008570CC /* VideoToolbox.framework */,
				20D1409E2021A337008570CC /* AudioToolbox.framework */,
				20D1409C2021A32E008570CC /* AVFoundation.framework */,
				20D1409A2021A30A008570CC /* AgoraRtcEngineKit.framework */,
				20D140982021A2FF008570CC /* AgoraSignal.framework */,
			);
			name = Frameworks;
			sourceTree = "<group>";
		};
		20D140B42021A48B008570CC /* CMAMMediaSDK */ = {
			isa = PBXGroup;
			children = (
				20D1407F2021A1FF008570CC /* libs */,
				20D140832021A2BC008570CC /* CMAllMediaCustomView */,
				20D1408C2021A2BC008570CC /* CMAllMediaNetworkingManager */,
				20D140862021A2BC008570CC /* CMAllMediaRTCChatManager */,
				20D140802021A2BC008570CC /* CMAllMediaVoipView */,
				20D140892021A2BC008570CC /* CMAllMediaVideoCallView */,
			);
			path = CMAMMediaSDK;
			sourceTree = "<group>";
		};
/* End PBXGroup section */

/* Begin PBXNativeTarget section */
		20D140462021A1DD008570CC /* CMMediaCallDemo */ = {
			isa = PBXNativeTarget;
			buildConfigurationList = 20D140762021A1DD008570CC /* Build configuration list for PBXNativeTarget "CMMediaCallDemo" */;
			buildPhases = (
				20D140432021A1DD008570CC /* Sources */,
				20D140442021A1DD008570CC /* Frameworks */,
				20D140452021A1DD008570CC /* Resources */,
			);
			buildRules = (
			);
			dependencies = (
			);
			name = CMMediaCallDemo;
			productName = CMMediaCallDemo;
			productReference = 20D140472021A1DD008570CC /* CMMediaCallDemo.app */;
			productType = "com.apple.product-type.application";
		};
		20D140612021A1DD008570CC /* CMMediaCallDemoTests */ = {
			isa = PBXNativeTarget;
			buildConfigurationList = 20D140792021A1DD008570CC /* Build configuration list for PBXNativeTarget "CMMediaCallDemoTests" */;
			buildPhases = (
				20D1405E2021A1DD008570CC /* Sources */,
				20D1405F2021A1DD008570CC /* Frameworks */,
				20D140602021A1DD008570CC /* Resources */,
			);
			buildRules = (
			);
			dependencies = (
				20D140642021A1DD008570CC /* PBXTargetDependency */,
			);
			name = CMMediaCallDemoTests;
			productName = CMMediaCallDemoTests;
			productReference = 20D140622021A1DD008570CC /* CMMediaCallDemoTests.xctest */;
			productType = "com.apple.product-type.bundle.unit-test";
		};
		20D1406C2021A1DD008570CC /* CMMediaCallDemoUITests */ = {
			isa = PBXNativeTarget;
			buildConfigurationList = 20D1407C2021A1DD008570CC /* Build configuration list for PBXNativeTarget "CMMediaCallDemoUITests" */;
			buildPhases = (
				20D140692021A1DD008570CC /* Sources */,
				20D1406A2021A1DD008570CC /* Frameworks */,
				20D1406B2021A1DD008570CC /* Resources */,
			);
			buildRules = (
			);
			dependencies = (
				20D1406F2021A1DD008570CC /* PBXTargetDependency */,
			);
			name = CMMediaCallDemoUITests;
			productName = CMMediaCallDemoUITests;
			productReference = 20D1406D2021A1DD008570CC /* CMMediaCallDemoUITests.xctest */;
			productType = "com.apple.product-type.bundle.ui-testing";
		};
/* End PBXNativeTarget section */

/* Begin PBXProject section */
		20D1403F2021A1DD008570CC /* Project object */ = {
			isa = PBXProject;
			attributes = {
				LastUpgradeCheck = 0920;
				ORGANIZATIONNAME = "王智垚";
				TargetAttributes = {
					20D140462021A1DD008570CC = {
						CreatedOnToolsVersion = 9.2;
						ProvisioningStyle = Automatic;
					};
					20D140612021A1DD008570CC = {
						CreatedOnToolsVersion = 9.2;
						ProvisioningStyle = Automatic;
						TestTargetID = 20D140462021A1DD008570CC;
					};
					20D1406C2021A1DD008570CC = {
						CreatedOnToolsVersion = 9.2;
						ProvisioningStyle = Automatic;
						TestTargetID = 20D140462021A1DD008570CC;
					};
				};
			};
			buildConfigurationList = 20D140422021A1DD008570CC /* Build configuration list for PBXProject "CMMediaCallDemo" */;
			compatibilityVersion = "Xcode 8.0";
			developmentRegion = en;
			hasScannedForEncodings = 0;
			knownRegions = (
				en,
				Base,
			);
			mainGroup = 20D1403E2021A1DD008570CC;
			productRefGroup = 20D140482021A1DD008570CC /* Products */;
			projectDirPath = "";
			projectRoot = "";
			targets = (
				20D140462021A1DD008570CC /* CMMediaCallDemo */,
				20D140612021A1DD008570CC /* CMMediaCallDemoTests */,
				20D1406C2021A1DD008570CC /* CMMediaCallDemoUITests */,
			);
		};
/* End PBXProject section */

/* Begin PBXResourcesBuildPhase section */
		20D140452021A1DD008570CC /* Resources */ = {
			isa = PBXResourcesBuildPhase;
			buildActionMask = 2147483647;
			files = (
				20D1405A2021A1DD008570CC /* LaunchScreen.storyboard in Resources */,
				20D140572021A1DD008570CC /* Assets.xcassets in Resources */,
				20D140522021A1DD008570CC /* Main.storyboard in Resources */,
			);
			runOnlyForDeploymentPostprocessing = 0;
		};
		20D140602021A1DD008570CC /* Resources */ = {
			isa = PBXResourcesBuildPhase;
			buildActionMask = 2147483647;
			files = (
			);
			runOnlyForDeploymentPostprocessing = 0;
		};
		20D1406B2021A1DD008570CC /* Resources */ = {
			isa = PBXResourcesBuildPhase;
			buildActionMask = 2147483647;
			files = (
			);
			runOnlyForDeploymentPostprocessing = 0;
		};
/* End PBXResourcesBuildPhase section */

/* Begin PBXSourcesBuildPhase section */
		20D140432021A1DD008570CC /* Sources */ = {
			isa = PBXSourcesBuildPhase;
			buildActionMask = 2147483647;
			files = (
				20D140912021A2BC008570CC /* CMAllMediaVoipView.m in Sources */,
				20D140932021A2BC008570CC /* CMAllMediaRTCChatManager.m in Sources */,
				20D1404F2021A1DD008570CC /* ViewController.m in Sources */,
				20D140942021A2BC008570CC /* CMAllMediaVideoCallView.m in Sources */,
				20D140922021A2BC008570CC /* CMAllMediaVerticalButton.m in Sources */,
				20D140B72021A4D5008570CC /* CMAMNetworkManager.m in Sources */,
				20D140BE2021AC32008570CC /* CMAMUserInfo.m in Sources */,
				20D140552021A1DD008570CC /* CMMediaCallDemo.xcdatamodeld in Sources */,
				20D140952021A2BC008570CC /* CMAllMediaReachability.m in Sources */,
				20D1405D2021A1DD008570CC /* main.m in Sources */,
				20D140962021A2BC008570CC /* CMAllMediaStatusManager.m in Sources */,
				20D1404C2021A1DD008570CC /* AppDelegate.m in Sources */,
			);
			runOnlyForDeploymentPostprocessing = 0;
		};
		20D1405E2021A1DD008570CC /* Sources */ = {
			isa = PBXSourcesBuildPhase;
			buildActionMask = 2147483647;
			files = (
				20D140672021A1DD008570CC /* CMMediaCallDemoTests.m in Sources */,
			);
			runOnlyForDeploymentPostprocessing = 0;
		};
		20D140692021A1DD008570CC /* Sources */ = {
			isa = PBXSourcesBuildPhase;
			buildActionMask = 2147483647;
			files = (
				20D140722021A1DD008570CC /* CMMediaCallDemoUITests.m in Sources */,
			);
			runOnlyForDeploymentPostprocessing = 0;
		};
/* End PBXSourcesBuildPhase section */

/* Begin PBXTargetDependency section */
		20D140642021A1DD008570CC /* PBXTargetDependency */ = {
			isa = PBXTargetDependency;
			target = 20D140462021A1DD008570CC /* CMMediaCallDemo */;
			targetProxy = 20D140632021A1DD008570CC /* PBXContainerItemProxy */;
		};
		20D1406F2021A1DD008570CC /* PBXTargetDependency */ = {
			isa = PBXTargetDependency;
			target = 20D140462021A1DD008570CC /* CMMediaCallDemo */;
			targetProxy = 20D1406E2021A1DD008570CC /* PBXContainerItemProxy */;
		};
/* End PBXTargetDependency section */

/* Begin PBXVariantGroup section */
		20D140502021A1DD008570CC /* Main.storyboard */ = {
			isa = PBXVariantGroup;
			children = (
				20D140512021A1DD008570CC /* Base */,
			);
			name = Main.storyboard;
			sourceTree = "<group>";
		};
		20D140582021A1DD008570CC /* LaunchScreen.storyboard */ = {
			isa = PBXVariantGroup;
			children = (
				20D140592021A1DD008570CC /* Base */,
			);
			name = LaunchScreen.storyboard;
			sourceTree = "<group>";
		};
/* End PBXVariantGroup section */

/* Begin XCBuildConfiguration section */
		20D140742021A1DD008570CC /* Debug */ = {
			isa = XCBuildConfiguration;
			buildSettings = {
				ALWAYS_SEARCH_USER_PATHS = NO;
				CLANG_ANALYZER_NONNULL = YES;
				CLANG_ANALYZER_NUMBER_OBJECT_CONVERSION = YES_AGGRESSIVE;
				CLANG_CXX_LANGUAGE_STANDARD = "gnu++14";
				CLANG_CXX_LIBRARY = "libc++";
				CLANG_ENABLE_MODULES = YES;
				CLANG_ENABLE_OBJC_ARC = YES;
				CLANG_WARN_BLOCK_CAPTURE_AUTORELEASING = YES;
				CLANG_WARN_BOOL_CONVERSION = YES;
				CLANG_WARN_COMMA = YES;
				CLANG_WARN_CONSTANT_CONVERSION = YES;
				CLANG_WARN_DIRECT_OBJC_ISA_USAGE = YES_ERROR;
				CLANG_WARN_DOCUMENTATION_COMMENTS = YES;
				CLANG_WARN_EMPTY_BODY = YES;
				CLANG_WARN_ENUM_CONVERSION = YES;
				CLANG_WARN_INFINITE_RECURSION = YES;
				CLANG_WARN_INT_CONVERSION = YES;
				CLANG_WARN_NON_LITERAL_NULL_CONVERSION = YES;
				CLANG_WARN_OBJC_LITERAL_CONVERSION = YES;
				CLANG_WARN_OBJC_ROOT_CLASS = YES_ERROR;
				CLANG_WARN_RANGE_LOOP_ANALYSIS = YES;
				CLANG_WARN_STRICT_PROTOTYPES = YES;
				CLANG_WARN_SUSPICIOUS_MOVE = YES;
				CLANG_WARN_UNGUARDED_AVAILABILITY = YES_AGGRESSIVE;
				CLANG_WARN_UNREACHABLE_CODE = YES;
				CLANG_WARN__DUPLICATE_METHOD_MATCH = YES;
				CODE_SIGN_IDENTITY = "iPhone Developer";
				COPY_PHASE_STRIP = NO;
				DEBUG_INFORMATION_FORMAT = dwarf;
				ENABLE_STRICT_OBJC_MSGSEND = YES;
				ENABLE_TESTABILITY = YES;
				GCC_C_LANGUAGE_STANDARD = gnu11;
				GCC_DYNAMIC_NO_PIC = NO;
				GCC_NO_COMMON_BLOCKS = YES;
				GCC_OPTIMIZATION_LEVEL = 0;
				GCC_PREPROCESSOR_DEFINITIONS = (
					"DEBUG=1",
					"$(inherited)",
				);
				GCC_WARN_64_TO_32_BIT_CONVERSION = YES;
				GCC_WARN_ABOUT_RETURN_TYPE = YES_ERROR;
				GCC_WARN_UNDECLARED_SELECTOR = YES;
				GCC_WARN_UNINITIALIZED_AUTOS = YES_AGGRESSIVE;
				GCC_WARN_UNUSED_FUNCTION = YES;
				GCC_WARN_UNUSED_VARIABLE = YES;
				IPHONEOS_DEPLOYMENT_TARGET = 11.2;
				MTL_ENABLE_DEBUG_INFO = YES;
				ONLY_ACTIVE_ARCH = YES;
				SDKROOT = iphoneos;
			};
			name = Debug;
		};
		20D140752021A1DD008570CC /* Release */ = {
			isa = XCBuildConfiguration;
			buildSettings = {
				ALWAYS_SEARCH_USER_PATHS = NO;
				CLANG_ANALYZER_NONNULL = YES;
				CLANG_ANALYZER_NUMBER_OBJECT_CONVERSION = YES_AGGRESSIVE;
				CLANG_CXX_LANGUAGE_STANDARD = "gnu++14";
				CLANG_CXX_LIBRARY = "libc++";
				CLANG_ENABLE_MODULES = YES;
				CLANG_ENABLE_OBJC_ARC = YES;
				CLANG_WARN_BLOCK_CAPTURE_AUTORELEASING = YES;
				CLANG_WARN_BOOL_CONVERSION = YES;
				CLANG_WARN_COMMA = YES;
				CLANG_WARN_CONSTANT_CONVERSION = YES;
				CLANG_WARN_DIRECT_OBJC_ISA_USAGE = YES_ERROR;
				CLANG_WARN_DOCUMENTATION_COMMENTS = YES;
				CLANG_WARN_EMPTY_BODY = YES;
				CLANG_WARN_ENUM_CONVERSION = YES;
				CLANG_WARN_INFINITE_RECURSION = YES;
				CLANG_WARN_INT_CONVERSION = YES;
				CLANG_WARN_NON_LITERAL_NULL_CONVERSION = YES;
				CLANG_WARN_OBJC_LITERAL_CONVERSION = YES;
				CLANG_WARN_OBJC_ROOT_CLASS = YES_ERROR;
				CLANG_WARN_RANGE_LOOP_ANALYSIS = YES;
				CLANG_WARN_STRICT_PROTOTYPES = YES;
				CLANG_WARN_SUSPICIOUS_MOVE = YES;
				CLANG_WARN_UNGUARDED_AVAILABILITY = YES_AGGRESSIVE;
				CLANG_WARN_UNREACHABLE_CODE = YES;
				CLANG_WARN__DUPLICATE_METHOD_MATCH = YES;
				CODE_SIGN_IDENTITY = "iPhone Developer";
				COPY_PHASE_STRIP = NO;
				DEBUG_INFORMATION_FORMAT = "dwarf-with-dsym";
				ENABLE_NS_ASSERTIONS = NO;
				ENABLE_STRICT_OBJC_MSGSEND = YES;
				GCC_C_LANGUAGE_STANDARD = gnu11;
				GCC_NO_COMMON_BLOCKS = YES;
				GCC_WARN_64_TO_32_BIT_CONVERSION = YES;
				GCC_WARN_ABOUT_RETURN_TYPE = YES_ERROR;
				GCC_WARN_UNDECLARED_SELECTOR = YES;
				GCC_WARN_UNINITIALIZED_AUTOS = YES_AGGRESSIVE;
				GCC_WARN_UNUSED_FUNCTION = YES;
				GCC_WARN_UNUSED_VARIABLE = YES;
				IPHONEOS_DEPLOYMENT_TARGET = 11.2;
				MTL_ENABLE_DEBUG_INFO = NO;
				SDKROOT = iphoneos;
				VALIDATE_PRODUCT = YES;
			};
			name = Release;
		};
		20D140772021A1DD008570CC /* Debug */ = {
			isa = XCBuildConfiguration;
			buildSettings = {
				ASSETCATALOG_COMPILER_APPICON_NAME = AppIcon;
				CODE_SIGN_STYLE = Automatic;
				DEVELOPMENT_TEAM = U746D2ER88;
				ENABLE_BITCODE = NO;
				FRAMEWORK_SEARCH_PATHS = (
					"$(inherited)",
					"$(PROJECT_DIR)/CMMediaCallDemo/libs/signal",
					"$(PROJECT_DIR)/CMMediaCallDemo/libs/media",
					"$(PROJECT_DIR)/CMMediaCallDemo/CMAMMediaSDK/libs/media",
					"$(PROJECT_DIR)/CMMediaCallDemo/CMAMMediaSDK/libs/signal",
					"$(PROJECT_DIR)/CMMediaCallDemo/CMAMMediaSDK",
				);
				GCC_PREFIX_HEADER = "$(SRCROOT)/CMMediaCallDemo/Header.h";
				INFOPLIST_FILE = CMMediaCallDemo/Info.plist;
				IPHONEOS_DEPLOYMENT_TARGET = 8.0;
				LD_RUNPATH_SEARCH_PATHS = "$(inherited) @executable_path/Frameworks";
				PRODUCT_BUNDLE_IDENTIFIER = com.CMMediaCallDemo;
				PRODUCT_NAME = "$(TARGET_NAME)";
				TARGETED_DEVICE_FAMILY = "1,2";
			};
			name = Debug;
		};
		20D140782021A1DD008570CC /* Release */ = {
			isa = XCBuildConfiguration;
			buildSettings = {
				ASSETCATALOG_COMPILER_APPICON_NAME = AppIcon;
				CODE_SIGN_STYLE = Automatic;
				DEVELOPMENT_TEAM = U746D2ER88;
				ENABLE_BITCODE = NO;
				FRAMEWORK_SEARCH_PATHS = (
					"$(inherited)",
					"$(PROJECT_DIR)/CMMediaCallDemo/libs/signal",
					"$(PROJECT_DIR)/CMMediaCallDemo/libs/media",
					"$(PROJECT_DIR)/CMMediaCallDemo/CMAMMediaSDK/libs/media",
					"$(PROJECT_DIR)/CMMediaCallDemo/CMAMMediaSDK/libs/signal",
					"$(PROJECT_DIR)/CMMediaCallDemo/CMAMMediaSDK",
				);
				GCC_PREFIX_HEADER = "$(SRCROOT)/CMMediaCallDemo/Header.h";
				INFOPLIST_FILE = CMMediaCallDemo/Info.plist;
				IPHONEOS_DEPLOYMENT_TARGET = 8.0;
				LD_RUNPATH_SEARCH_PATHS = "$(inherited) @executable_path/Frameworks";
				PRODUCT_BUNDLE_IDENTIFIER = com.CMMediaCallDemo;
				PRODUCT_NAME = "$(TARGET_NAME)";
				TARGETED_DEVICE_FAMILY = "1,2";
			};
			name = Release;
		};
		20D1407A2021A1DD008570CC /* Debug */ = {
			isa = XCBuildConfiguration;
			buildSettings = {
				BUNDLE_LOADER = "$(TEST_HOST)";
				CODE_SIGN_STYLE = Automatic;
				DEVELOPMENT_TEAM = M4C7ZCQAKU;
				INFOPLIST_FILE = CMMediaCallDemoTests/Info.plist;
				LD_RUNPATH_SEARCH_PATHS = "$(inherited) @executable_path/Frameworks @loader_path/Frameworks";
				PRODUCT_BUNDLE_IDENTIFIER = com.CMMediaCallDemoTests;
				PRODUCT_NAME = "$(TARGET_NAME)";
				TARGETED_DEVICE_FAMILY = "1,2";
				TEST_HOST = "$(BUILT_PRODUCTS_DIR)/CMMediaCallDemo.app/CMMediaCallDemo";
			};
			name = Debug;
		};
		20D1407B2021A1DD008570CC /* Release */ = {
			isa = XCBuildConfiguration;
			buildSettings = {
				BUNDLE_LOADER = "$(TEST_HOST)";
				CODE_SIGN_STYLE = Automatic;
				DEVELOPMENT_TEAM = M4C7ZCQAKU;
				INFOPLIST_FILE = CMMediaCallDemoTests/Info.plist;
				LD_RUNPATH_SEARCH_PATHS = "$(inherited) @executable_path/Frameworks @loader_path/Frameworks";
				PRODUCT_BUNDLE_IDENTIFIER = com.CMMediaCallDemoTests;
				PRODUCT_NAME = "$(TARGET_NAME)";
				TARGETED_DEVICE_FAMILY = "1,2";
				TEST_HOST = "$(BUILT_PRODUCTS_DIR)/CMMediaCallDemo.app/CMMediaCallDemo";
			};
			name = Release;
		};
		20D1407D2021A1DD008570CC /* Debug */ = {
			isa = XCBuildConfiguration;
			buildSettings = {
				CODE_SIGN_STYLE = Automatic;
				DEVELOPMENT_TEAM = M4C7ZCQAKU;
				INFOPLIST_FILE = CMMediaCallDemoUITests/Info.plist;
				LD_RUNPATH_SEARCH_PATHS = "$(inherited) @executable_path/Frameworks @loader_path/Frameworks";
				PRODUCT_BUNDLE_IDENTIFIER = com.CMMediaCallDemoUITests;
				PRODUCT_NAME = "$(TARGET_NAME)";
				TARGETED_DEVICE_FAMILY = "1,2";
				TEST_TARGET_NAME = CMMediaCallDemo;
			};
			name = Debug;
		};
		20D1407E2021A1DD008570CC /* Release */ = {
			isa = XCBuildConfiguration;
			buildSettings = {
				CODE_SIGN_STYLE = Automatic;
				DEVELOPMENT_TEAM = M4C7ZCQAKU;
				INFOPLIST_FILE = CMMediaCallDemoUITests/Info.plist;
				LD_RUNPATH_SEARCH_PATHS = "$(inherited) @executable_path/Frameworks @loader_path/Frameworks";
				PRODUCT_BUNDLE_IDENTIFIER = com.CMMediaCallDemoUITests;
				PRODUCT_NAME = "$(TARGET_NAME)";
				TARGETED_DEVICE_FAMILY = "1,2";
				TEST_TARGET_NAME = CMMediaCallDemo;
			};
			name = Release;
		};
/* End XCBuildConfiguration section */

/* Begin XCConfigurationList section */
		20D140422021A1DD008570CC /* Build configuration list for PBXProject "CMMediaCallDemo" */ = {
			isa = XCConfigurationList;
			buildConfigurations = (
				20D140742021A1DD008570CC /* Debug */,
				20D140752021A1DD008570CC /* Release */,
			);
			defaultConfigurationIsVisible = 0;
			defaultConfigurationName = Release;
		};
		20D140762021A1DD008570CC /* Build configuration list for PBXNativeTarget "CMMediaCallDemo" */ = {
			isa = XCConfigurationList;
			buildConfigurations = (
				20D140772021A1DD008570CC /* Debug */,
				20D140782021A1DD008570CC /* Release */,
			);
			defaultConfigurationIsVisible = 0;
			defaultConfigurationName = Release;
		};
		20D140792021A1DD008570CC /* Build configuration list for PBXNativeTarget "CMMediaCallDemoTests" */ = {
			isa = XCConfigurationList;
			buildConfigurations = (
				20D1407A2021A1DD008570CC /* Debug */,
				20D1407B2021A1DD008570CC /* Release */,
			);
			defaultConfigurationIsVisible = 0;
			defaultConfigurationName = Release;
		};
		20D1407C2021A1DD008570CC /* Build configuration list for PBXNativeTarget "CMMediaCallDemoUITests" */ = {
			isa = XCConfigurationList;
			buildConfigurations = (
				20D1407D2021A1DD008570CC /* Debug */,
				20D1407E2021A1DD008570CC /* Release */,
			);
			defaultConfigurationIsVisible = 0;
			defaultConfigurationName = Release;
		};
/* End XCConfigurationList section */

/* Begin XCVersionGroup section */
		20D140532021A1DD008570CC /* CMMediaCallDemo.xcdatamodeld */ = {
			isa = XCVersionGroup;
			children = (
				20D140542021A1DD008570CC /* CMMediaCallDemo.xcdatamodel */,
			);
			currentVersion = 20D140542021A1DD008570CC /* CMMediaCallDemo.xcdatamodel */;
			path = CMMediaCallDemo.xcdatamodeld;
			sourceTree = "<group>";
			versionGroupType = wrapper.xcdatamodel;
		};
/* End XCVersionGroup section */
	};
	rootObject = 20D1403F2021A1DD008570CC /* Project object */;
}
